
Microsoft Visual Studio Solution File, Format Version 12.00
# Visual Studio Version 16
VisualStudioVersion = 16.0.31019.35
MinimumVisualStudioVersion = 10.0.40219.1
Project("{FAE04EC0-301F-11D3-BF4B-00C04F79EFBC}") = "DiagramaVoronoiV2", "DiagramaVoronoiV2\DiagramaVoronoiV2.csproj", "{F9F30DAF-F953-4593-B94F-04198B9AA93E}"
EndProject
Project("{FAE04EC0-301F-11D3-BF4B-00C04F79EFBC}") = "DiagramaVoronoi.BusinessLogic", "DiagramaVoronoi.BusinessLogic\DiagramaVoronoi.BusinessLogic.csproj", "{3DE25436-38D7-4050-83BE-9D3C23CC642B}"
EndProject
Project("{FAE04EC0-301F-11D3-BF4B-00C04F79EFBC}") = "DiagramaVoronoi.Entities", "DiagramaVoronoi.Entities\DiagramaVoronoi.Entities.csproj", "{C97761A0-B69C-49A2-9E9E-288377BA50B3}"
EndProject
Project("{FAE04EC0-301F-11D3-BF4B-00C04F79EFBC}") = "DiagramaVoronoi.Renderer", "DiagramaVoronoi.Renderer\DiagramaVoronoi.Renderer.csproj", "{38B92EA9-E494-496A-BFC1-3ED5B1997C3E}"
EndProject
Global
	GlobalSection(SolutionConfigurationPlatforms) = preSolution
		Debug|Any CPU = Debug|Any CPU
		Release|Any CPU = Release|Any CPU
	EndGlobalSection
	GlobalSection(ProjectConfigurationPlatforms) = postSolution
		{F9F30DAF-F953-4593-B94F-04198B9AA93E}.Debug|Any CPU.ActiveCfg = Debug|Any CPU
		{F9F30DAF-F953-4593-B94F-04198B9AA93E}.Debug|Any CPU.Build.0 = Debug|Any CPU
		{F9F30DAF-F953-4593-B94F-04198B9AA93E}.Release|Any CPU.ActiveCfg = Release|Any CPU
		{F9F30DAF-F953-4593-B94F-04198B9AA93E}.Release|Any CPU.Build.0 = Release|Any CPU
		{3DE25436-38D7-4050-83BE-9D3C23CC642B}.Debug|Any CPU.ActiveCfg = Debug|Any CPU
		{3DE25436-38D7-4050-83BE-9D3C23CC642B}.Debug|Any CPU.Build.0 = Debug|Any CPU
		{3DE25436-38D7-4050-83BE-9D3C23CC642B}.Release|Any CPU.ActiveCfg = Release|Any CPU
		{3DE25436-38D7-4050-83BE-9D3C23CC642B}.Release|Any CPU.Build.0 = Release|Any CPU
		{C97761A0-B69C-49A2-9E9E-288377BA50B3}.Debug|Any CPU.ActiveCfg = Debug|Any CPU
		{C97761A0-B69C-49A2-9E9E-288377BA50B3}.Debug|Any CPU.Build.0 = Debug|Any CPU
		{C97761A0-B69C-49A2-9E9E-288377BA50B3}.Release|Any CPU.ActiveCfg = Release|Any CPU
		{C97761A0-B69C-49A2-9E9E-288377BA50B3}.Release|Any CPU.Build.0 = Release|Any CPU
		{38B92EA9-E494-496A-BFC1-3ED5B1997C3E}.Debug|Any CPU.ActiveCfg = Debug|Any CPU
		{38B92EA9-E494-496A-BFC1-3ED5B1997C3E}.Debug|Any CPU.Build.0 = Debug|Any CPU
		{38B92EA9-E494-496A-BFC1-3ED5B1997C3E}.Release|Any CPU.ActiveCfg = Release|Any CPU
		{38B92EA9-E494-496A-BFC1-3ED5B1997C3E}.Release|Any CPU.Build.0 = Release|Any CPU
	EndGlobalSection
	GlobalSection(SolutionProperties) = preSolution
		HideSolutionNode = FALSE
	EndGlobalSection
	GlobalSection(ExtensibilityGlobals) = postSolution
		SolutionGuid = {F7DF4E46-9FBD-47FC-8F88-C8ACA89E988E}
	EndGlobalSection
EndGlobal
